
Microsoft Visual Studio Solution File, Format Version 12.00
# Visual Studio 15
VisualStudioVersion = 15.0.28307.572
MinimumVisualStudioVersion = 10.0.40219.1
Project("{FAE04EC0-301F-11D3-BF4B-00C04F79EFBC}") = "XamarinTestApp2.Android", "XamarinTestApp2\XamarinTestApp2.Android\XamarinTestApp2.Android.csproj", "{EA345271-8DA4-4BBD-BE4E-8ABA21AC886B}"
EndProject
Project("{FAE04EC0-301F-11D3-BF4B-00C04F79EFBC}") = "XamarinTestApp2.iOS", "XamarinTestApp2\XamarinTestApp2.iOS\XamarinTestApp2.iOS.csproj", "{19560D06-E38F-4BA5-B781-BC47F89B008C}"
EndProject
Project("{FAE04EC0-301F-11D3-BF4B-00C04F79EFBC}") = "XamarinTestApp2.UWP", "XamarinTestApp2\XamarinTestApp2.UWP\XamarinTestApp2.UWP.csproj", "{FCEB4B8B-3861-400E-AD19-8A376A319A9F}"
EndProject
Project("{FAE04EC0-301F-11D3-BF4B-00C04F79EFBC}") = "XamarinTestApp2", "XamarinTestApp2\XamarinTestApp2\XamarinTestApp2.csproj", "{5978D048-69AB-48EE-A842-EBC5FB128C8C}"
EndProject
Global
	GlobalSection(SolutionConfigurationPlatforms) = preSolution
		Ad-Hoc|Any CPU = Ad-Hoc|Any CPU
		Ad-Hoc|ARM = Ad-Hoc|ARM
		Ad-Hoc|iPhone = Ad-Hoc|iPhone
		Ad-Hoc|iPhoneSimulator = Ad-Hoc|iPhoneSimulator
		Ad-Hoc|x64 = Ad-Hoc|x64
		Ad-Hoc|x86 = Ad-Hoc|x86
		AppStore|Any CPU = AppStore|Any CPU
		AppStore|ARM = AppStore|ARM
		AppStore|iPhone = AppStore|iPhone
		AppStore|iPhoneSimulator = AppStore|iPhoneSimulator
		AppStore|x64 = AppStore|x64
		AppStore|x86 = AppStore|x86
		Debug|Any CPU = Debug|Any CPU
		Debug|ARM = Debug|ARM
		Debug|iPhone = Debug|iPhone
		Debug|iPhoneSimulator = Debug|iPhoneSimulator
		Debug|x64 = Debug|x64
		Debug|x86 = Debug|x86
		Release|Any CPU = Release|Any CPU
		Release|ARM = Release|ARM
		Release|iPhone = Release|iPhone
		Release|iPhoneSimulator = Release|iPhoneSimulator
		Release|x64 = Release|x64
		Release|x86 = Release|x86
	EndGlobalSection
	GlobalSection(ProjectConfigurationPlatforms) = postSolution
		{EA345271-8DA4-4BBD-BE4E-8ABA21AC886B}.Ad-Hoc|Any CPU.ActiveCfg = Release|Any CPU
		{EA345271-8DA4-4BBD-BE4E-8ABA21AC886B}.Ad-Hoc|Any CPU.Build.0 = Release|Any CPU
		{EA345271-8DA4-4BBD-BE4E-8ABA21AC886B}.Ad-Hoc|Any CPU.Deploy.0 = Release|Any CPU
		{EA345271-8DA4-4BBD-BE4E-8ABA21AC886B}.Ad-Hoc|ARM.ActiveCfg = Release|Any CPU
		{EA345271-8DA4-4BBD-BE4E-8ABA21AC886B}.Ad-Hoc|ARM.Build.0 = Release|Any CPU
		{EA345271-8DA4-4BBD-BE4E-8ABA21AC886B}.Ad-Hoc|ARM.Deploy.0 = Release|Any CPU
		{EA345271-8DA4-4BBD-BE4E-8ABA21AC886B}.Ad-Hoc|iPhone.ActiveCfg = Release|Any CPU
		{EA345271-8DA4-4BBD-BE4E-8ABA21AC886B}.Ad-Hoc|iPhone.Build.0 = Release|Any CPU
		{EA345271-8DA4-4BBD-BE4E-8ABA21AC886B}.Ad-Hoc|iPhone.Deploy.0 = Release|Any CPU
		{EA345271-8DA4-4BBD-BE4E-8ABA21AC886B}.Ad-Hoc|iPhoneSimulator.ActiveCfg = Release|Any CPU
		{EA345271-8DA4-4BBD-BE4E-8ABA21AC886B}.Ad-Hoc|iPhoneSimulator.Build.0 = Release|Any CPU
		{EA345271-8DA4-4BBD-BE4E-8ABA21AC886B}.Ad-Hoc|iPhoneSimulator.Deploy.0 = Release|Any CPU
		{EA345271-8DA4-4BBD-BE4E-8ABA21AC886B}.Ad-Hoc|x64.ActiveCfg = Release|Any CPU
		{EA345271-8DA4-4BBD-BE4E-8ABA21AC886B}.Ad-Hoc|x64.Build.0 = Release|Any CPU
		{EA345271-8DA4-4BBD-BE4E-8ABA21AC886B}.Ad-Hoc|x64.Deploy.0 = Release|Any CPU
		{EA345271-8DA4-4BBD-BE4E-8ABA21AC886B}.Ad-Hoc|x86.ActiveCfg = Release|Any CPU
		{EA345271-8DA4-4BBD-BE4E-8ABA21AC886B}.Ad-Hoc|x86.Build.0 = Release|Any CPU
		{EA345271-8DA4-4BBD-BE4E-8ABA21AC886B}.Ad-Hoc|x86.Deploy.0 = Release|Any CPU
		{EA345271-8DA4-4BBD-BE4E-8ABA21AC886B}.AppStore|Any CPU.ActiveCfg = Release|Any CPU
		{EA345271-8DA4-4BBD-BE4E-8ABA21AC886B}.AppStore|Any CPU.Build.0 = Release|Any CPU
		{EA345271-8DA4-4BBD-BE4E-8ABA21AC886B}.AppStore|Any CPU.Deploy.0 = Release|Any CPU
		{EA345271-8DA4-4BBD-BE4E-8ABA21AC886B}.AppStore|ARM.ActiveCfg = Release|Any CPU
		{EA345271-8DA4-4BBD-BE4E-8ABA21AC886B}.AppStore|ARM.Build.0 = Release|Any CPU
		{EA345271-8DA4-4BBD-BE4E-8ABA21AC886B}.AppStore|ARM.Deploy.0 = Release|Any CPU
		{EA345271-8DA4-4BBD-BE4E-8ABA21AC886B}.AppStore|iPhone.ActiveCfg = Release|Any CPU
		{EA345271-8DA4-4BBD-BE4E-8ABA21AC886B}.AppStore|iPhone.Build.0 = Release|Any CPU
		{EA345271-8DA4-4BBD-BE4E-8ABA21AC886B}.AppStore|iPhone.Deploy.0 = Release|Any CPU
		{EA345271-8DA4-4BBD-BE4E-8ABA21AC886B}.AppStore|iPhoneSimulator.ActiveCfg = Release|Any CPU
		{EA345271-8DA4-4BBD-BE4E-8ABA21AC886B}.AppStore|iPhoneSimulator.Build.0 = Release|Any CPU
		{EA345271-8DA4-4BBD-BE4E-8ABA21AC886B}.AppStore|iPhoneSimulator.Deploy.0 = Release|Any CPU
		{EA345271-8DA4-4BBD-BE4E-8ABA21AC886B}.AppStore|x64.ActiveCfg = Release|Any CPU
		{EA345271-8DA4-4BBD-BE4E-8ABA21AC886B}.AppStore|x64.Build.0 = Release|Any CPU
		{EA345271-8DA4-4BBD-BE4E-8ABA21AC886B}.AppStore|x64.Deploy.0 = Release|Any CPU
		{EA345271-8DA4-4BBD-BE4E-8ABA21AC886B}.AppStore|x86.ActiveCfg = Release|Any CPU
		{EA345271-8DA4-4BBD-BE4E-8ABA21AC886B}.AppStore|x86.Build.0 = Release|Any CPU
		{EA345271-8DA4-4BBD-BE4E-8ABA21AC886B}.AppStore|x86.Deploy.0 = Release|Any CPU
		{EA345271-8DA4-4BBD-BE4E-8ABA21AC886B}.Debug|Any CPU.ActiveCfg = Debug|Any CPU
		{EA345271-8DA4-4BBD-BE4E-8ABA21AC886B}.Debug|Any CPU.Build.0 = Debug|Any CPU
		{EA345271-8DA4-4BBD-BE4E-8ABA21AC886B}.Debug|Any CPU.Deploy.0 = Debug|Any CPU
		{EA345271-8DA4-4BBD-BE4E-8ABA21AC886B}.Debug|ARM.ActiveCfg = Debug|Any CPU
		{EA345271-8DA4-4BBD-BE4E-8ABA21AC886B}.Debug|ARM.Build.0 = Debug|Any CPU
		{EA345271-8DA4-4BBD-BE4E-8ABA21AC886B}.Debug|ARM.Deploy.0 = Debug|Any CPU
		{EA345271-8DA4-4BBD-BE4E-8ABA21AC886B}.Debug|iPhone.ActiveCfg = Debug|Any CPU
		{EA345271-8DA4-4BBD-BE4E-8ABA21AC886B}.Debug|iPhone.Build.0 = Debug|Any CPU
		{EA345271-8DA4-4BBD-BE4E-8ABA21AC886B}.Debug|iPhone.Deploy.0 = Debug|Any CPU
		{EA345271-8DA4-4BBD-BE4E-8ABA21AC886B}.Debug|iPhoneSimulator.ActiveCfg = Debug|Any CPU
		{EA345271-8DA4-4BBD-BE4E-8ABA21AC886B}.Debug|iPhoneSimulator.Build.0 = Debug|Any CPU
		{EA345271-8DA4-4BBD-BE4E-8ABA21AC886B}.Debug|iPhoneSimulator.Deploy.0 = Debug|Any CPU
		{EA345271-8DA4-4BBD-BE4E-8ABA21AC886B}.Debug|x64.ActiveCfg = Debug|Any CPU
		{EA345271-8DA4-4BBD-BE4E-8ABA21AC886B}.Debug|x64.Build.0 = Debug|Any CPU
		{EA345271-8DA4-4BBD-BE4E-8ABA21AC886B}.Debug|x64.Deploy.0 = Debug|Any CPU
		{EA345271-8DA4-4BBD-BE4E-8ABA21AC886B}.Debug|x86.ActiveCfg = Debug|Any CPU
		{EA345271-8DA4-4BBD-BE4E-8ABA21AC886B}.Debug|x86.Build.0 = Debug|Any CPU
		{EA345271-8DA4-4BBD-BE4E-8ABA21AC886B}.Debug|x86.Deploy.0 = Debug|Any CPU
		{EA345271-8DA4-4BBD-BE4E-8ABA21AC886B}.Release|Any CPU.ActiveCfg = Release|Any CPU
		{EA345271-8DA4-4BBD-BE4E-8ABA21AC886B}.Release|Any CPU.Build.0 = Release|Any CPU
		{EA345271-8DA4-4BBD-BE4E-8ABA21AC886B}.Release|Any CPU.Deploy.0 = Release|Any CPU
		{EA345271-8DA4-4BBD-BE4E-8ABA21AC886B}.Release|ARM.ActiveCfg = Release|Any CPU
		{EA345271-8DA4-4BBD-BE4E-8ABA21AC886B}.Release|ARM.Build.0 = Release|Any CPU
		{EA345271-8DA4-4BBD-BE4E-8ABA21AC886B}.Release|ARM.Deploy.0 = Release|Any CPU
		{EA345271-8DA4-4BBD-BE4E-8ABA21AC886B}.Release|iPhone.ActiveCfg = Release|Any CPU
		{EA345271-8DA4-4BBD-BE4E-8ABA21AC886B}.Release|iPhone.Build.0 = Release|Any CPU
		{EA345271-8DA4-4BBD-BE4E-8ABA21AC886B}.Release|iPhone.Deploy.0 = Release|Any CPU
		{EA345271-8DA4-4BBD-BE4E-8ABA21AC886B}.Release|iPhoneSimulator.ActiveCfg = Release|Any CPU
		{EA345271-8DA4-4BBD-BE4E-8ABA21AC886B}.Release|iPhoneSimulator.Build.0 = Release|Any CPU
		{EA345271-8DA4-4BBD-BE4E-8ABA21AC886B}.Release|iPhoneSimulator.Deploy.0 = Release|Any CPU
		{EA345271-8DA4-4BBD-BE4E-8ABA21AC886B}.Release|x64.ActiveCfg = Release|Any CPU
		{EA345271-8DA4-4BBD-BE4E-8ABA21AC886B}.Release|x64.Build.0 = Release|Any CPU
		{EA345271-8DA4-4BBD-BE4E-8ABA21AC886B}.Release|x64.Deploy.0 = Release|Any CPU
		{EA345271-8DA4-4BBD-BE4E-8ABA21AC886B}.Release|x86.ActiveCfg = Release|Any CPU
		{EA345271-8DA4-4BBD-BE4E-8ABA21AC886B}.Release|x86.Build.0 = Release|Any CPU
		{EA345271-8DA4-4BBD-BE4E-8ABA21AC886B}.Release|x86.Deploy.0 = Release|Any CPU
		{19560D06-E38F-4BA5-B781-BC47F89B008C}.Ad-Hoc|Any CPU.ActiveCfg = Ad-Hoc|iPhone
		{19560D06-E38F-4BA5-B781-BC47F89B008C}.Ad-Hoc|Any CPU.Build.0 = Ad-Hoc|iPhone
		{19560D06-E38F-4BA5-B781-BC47F89B008C}.Ad-Hoc|Any CPU.Deploy.0 = Ad-Hoc|iPhone
		{19560D06-E38F-4BA5-B781-BC47F89B008C}.Ad-Hoc|ARM.ActiveCfg = Ad-Hoc|iPhone
		{19560D06-E38F-4BA5-B781-BC47F89B008C}.Ad-Hoc|ARM.Build.0 = Ad-Hoc|iPhone
		{19560D06-E38F-4BA5-B781-BC47F89B008C}.Ad-Hoc|ARM.Deploy.0 = Ad-Hoc|iPhone
		{19560D06-E38F-4BA5-B781-BC47F89B008C}.Ad-Hoc|iPhone.ActiveCfg = Ad-Hoc|iPhone
		{19560D06-E38F-4BA5-B781-BC47F89B008C}.Ad-Hoc|iPhone.Build.0 = Ad-Hoc|iPhone
		{19560D06-E38F-4BA5-B781-BC47F89B008C}.Ad-Hoc|iPhone.Deploy.0 = Ad-Hoc|iPhone
		{19560D06-E38F-4BA5-B781-BC47F89B008C}.Ad-Hoc|iPhoneSimulator.ActiveCfg = Ad-Hoc|iPhoneSimulator
		{19560D06-E38F-4BA5-B781-BC47F89B008C}.Ad-Hoc|iPhoneSimulator.Build.0 = Ad-Hoc|iPhoneSimulator
		{19560D06-E38F-4BA5-B781-BC47F89B008C}.Ad-Hoc|iPhoneSimulator.Deploy.0 = Ad-Hoc|iPhoneSimulator
		{19560D06-E38F-4BA5-B781-BC47F89B008C}.Ad-Hoc|x64.ActiveCfg = Ad-Hoc|iPhone
		{19560D06-E38F-4BA5-B781-BC47F89B008C}.Ad-Hoc|x64.Build.0 = Ad-Hoc|iPhone
		{19560D06-E38F-4BA5-B781-BC47F89B008C}.Ad-Hoc|x64.Deploy.0 = Ad-Hoc|iPhone
		{19560D06-E38F-4BA5-B781-BC47F89B008C}.Ad-Hoc|x86.ActiveCfg = Ad-Hoc|iPhone
		{19560D06-E38F-4BA5-B781-BC47F89B008C}.Ad-Hoc|x86.Build.0 = Ad-Hoc|iPhone
		{19560D06-E38F-4BA5-B781-BC47F89B008C}.Ad-Hoc|x86.Deploy.0 = Ad-Hoc|iPhone
		{19560D06-E38F-4BA5-B781-BC47F89B008C}.AppStore|Any CPU.ActiveCfg = AppStore|iPhone
		{19560D06-E38F-4BA5-B781-BC47F89B008C}.AppStore|Any CPU.Build.0 = AppStore|iPhone
		{19560D06-E38F-4BA5-B781-BC47F89B008C}.AppStore|Any CPU.Deploy.0 = AppStore|iPhone
		{19560D06-E38F-4BA5-B781-BC47F89B008C}.AppStore|ARM.ActiveCfg = AppStore|iPhone
		{19560D06-E38F-4BA5-B781-BC47F89B008C}.AppStore|ARM.Build.0 = AppStore|iPhone
		{19560D06-E38F-4BA5-B781-BC47F89B008C}.AppStore|ARM.Deploy.0 = AppStore|iPhone
		{19560D06-E38F-4BA5-B781-BC47F89B008C}.AppStore|iPhone.ActiveCfg = AppStore|iPhone
		{19560D06-E38F-4BA5-B781-BC47F89B008C}.AppStore|iPhone.Build.0 = AppStore|iPhone
		{19560D06-E38F-4BA5-B781-BC47F89B008C}.AppStore|iPhone.Deploy.0 = AppStore|iPhone
		{19560D06-E38F-4BA5-B781-BC47F89B008C}.AppStore|iPhoneSimulator.ActiveCfg = AppStore|iPhoneSimulator
		{19560D06-E38F-4BA5-B781-BC47F89B008C}.AppStore|iPhoneSimulator.Build.0 = AppStore|iPhoneSimulator
		{19560D06-E38F-4BA5-B781-BC47F89B008C}.AppStore|iPhoneSimulator.Deploy.0 = AppStore|iPhoneSimulator
		{19560D06-E38F-4BA5-B781-BC47F89B008C}.AppStore|x64.ActiveCfg = AppStore|iPhone
		{19560D06-E38F-4BA5-B781-BC47F89B008C}.AppStore|x64.Build.0 = AppStore|iPhone
		{19560D06-E38F-4BA5-B781-BC47F89B008C}.AppStore|x64.Deploy.0 = AppStore|iPhone
		{19560D06-E38F-4BA5-B781-BC47F89B008C}.AppStore|x86.ActiveCfg = AppStore|iPhone
		{19560D06-E38F-4BA5-B781-BC47F89B008C}.AppStore|x86.Build.0 = AppStore|iPhone
		{19560D06-E38F-4BA5-B781-BC47F89B008C}.AppStore|x86.Deploy.0 = AppStore|iPhone
		{19560D06-E38F-4BA5-B781-BC47F89B008C}.Debug|Any CPU.ActiveCfg = Debug|iPhoneSimulator
		{19560D06-E38F-4BA5-B781-BC47F89B008C}.Debug|Any CPU.Build.0 = Debug|iPhoneSimulator
		{19560D06-E38F-4BA5-B781-BC47F89B008C}.Debug|Any CPU.Deploy.0 = Debug|iPhoneSimulator
		{19560D06-E38F-4BA5-B781-BC47F89B008C}.Debug|ARM.ActiveCfg = Debug|iPhone
		{19560D06-E38F-4BA5-B781-BC47F89B008C}.Debug|ARM.Build.0 = Debug|iPhone
		{19560D06-E38F-4BA5-B781-BC47F89B008C}.Debug|ARM.Deploy.0 = Debug|iPhone
		{19560D06-E38F-4BA5-B781-BC47F89B008C}.Debug|iPhone.ActiveCfg = Debug|iPhone
		{19560D06-E38F-4BA5-B781-BC47F89B008C}.Debug|iPhone.Build.0 = Debug|iPhone
		{19560D06-E38F-4BA5-B781-BC47F89B008C}.Debug|iPhone.Deploy.0 = Debug|iPhone
		{19560D06-E38F-4BA5-B781-BC47F89B008C}.Debug|iPhoneSimulator.ActiveCfg = Debug|iPhoneSimulator
		{19560D06-E38F-4BA5-B781-BC47F89B008C}.Debug|iPhoneSimulator.Build.0 = Debug|iPhoneSimulator
		{19560D06-E38F-4BA5-B781-BC47F89B008C}.Debug|iPhoneSimulator.Deploy.0 = Debug|iPhoneSimulator
		{19560D06-E38F-4BA5-B781-BC47F89B008C}.Debug|x64.ActiveCfg = Debug|iPhone
		{19560D06-E38F-4BA5-B781-BC47F89B008C}.Debug|x64.Build.0 = Debug|iPhone
		{19560D06-E38F-4BA5-B781-BC47F89B008C}.Debug|x64.Deploy.0 = Debug|iPhone
		{19560D06-E38F-4BA5-B781-BC47F89B008C}.Debug|x86.ActiveCfg = Debug|iPhone
		{19560D06-E38F-4BA5-B781-BC47F89B008C}.Debug|x86.Build.0 = Debug|iPhone
		{19560D06-E38F-4BA5-B781-BC47F89B008C}.Debug|x86.Deploy.0 = Debug|iPhone
		{19560D06-E38F-4BA5-B781-BC47F89B008C}.Release|Any CPU.ActiveCfg = Release|iPhone
		{19560D06-E38F-4BA5-B781-BC47F89B008C}.Release|Any CPU.Build.0 = Release|iPhone
		{19560D06-E38F-4BA5-B781-BC47F89B008C}.Release|Any CPU.Deploy.0 = Release|iPhone
		{19560D06-E38F-4BA5-B781-BC47F89B008C}.Release|ARM.ActiveCfg = Release|iPhone
		{19560D06-E38F-4BA5-B781-BC47F89B008C}.Release|ARM.Build.0 = Release|iPhone
		{19560D06-E38F-4BA5-B781-BC47F89B008C}.Release|ARM.Deploy.0 = Release|iPhone
		{19560D06-E38F-4BA5-B781-BC47F89B008C}.Release|iPhone.ActiveCfg = Release|iPhone
		{19560D06-E38F-4BA5-B781-BC47F89B008C}.Release|iPhone.Build.0 = Release|iPhone
		{19560D06-E38F-4BA5-B781-BC47F89B008C}.Release|iPhone.Deploy.0 = Release|iPhone
		{19560D06-E38F-4BA5-B781-BC47F89B008C}.Release|iPhoneSimulator.ActiveCfg = Release|iPhoneSimulator
		{19560D06-E38F-4BA5-B781-BC47F89B008C}.Release|iPhoneSimulator.Build.0 = Release|iPhoneSimulator
		{19560D06-E38F-4BA5-B781-BC47F89B008C}.Release|iPhoneSimulator.Deploy.0 = Release|iPhoneSimulator
		{19560D06-E38F-4BA5-B781-BC47F89B008C}.Release|x64.ActiveCfg = Release|iPhone
		{19560D06-E38F-4BA5-B781-BC47F89B008C}.Release|x64.Build.0 = Release|iPhone
		{19560D06-E38F-4BA5-B781-BC47F89B008C}.Release|x64.Deploy.0 = Release|iPhone
		{19560D06-E38F-4BA5-B781-BC47F89B008C}.Release|x86.ActiveCfg = Release|iPhone
		{19560D06-E38F-4BA5-B781-BC47F89B008C}.Release|x86.Build.0 = Release|iPhone
		{19560D06-E38F-4BA5-B781-BC47F89B008C}.Release|x86.Deploy.0 = Release|iPhone
		{FCEB4B8B-3861-400E-AD19-8A376A319A9F}.Ad-Hoc|Any CPU.ActiveCfg = Release|x86
		{FCEB4B8B-3861-400E-AD19-8A376A319A9F}.Ad-Hoc|Any CPU.Build.0 = Release|x86
		{FCEB4B8B-3861-400E-AD19-8A376A319A9F}.Ad-Hoc|Any CPU.Deploy.0 = Release|x86
		{FCEB4B8B-3861-400E-AD19-8A376A319A9F}.Ad-Hoc|ARM.ActiveCfg = Release|ARM
		{FCEB4B8B-3861-400E-AD19-8A376A319A9F}.Ad-Hoc|ARM.Build.0 = Release|ARM
		{FCEB4B8B-3861-400E-AD19-8A376A319A9F}.Ad-Hoc|ARM.Deploy.0 = Release|ARM
		{FCEB4B8B-3861-400E-AD19-8A376A319A9F}.Ad-Hoc|iPhone.ActiveCfg = Release|x86
		{FCEB4B8B-3861-400E-AD19-8A376A319A9F}.Ad-Hoc|iPhone.Build.0 = Release|x86
		{FCEB4B8B-3861-400E-AD19-8A376A319A9F}.Ad-Hoc|iPhone.Deploy.0 = Release|x86
		{FCEB4B8B-3861-400E-AD19-8A376A319A9F}.Ad-Hoc|iPhoneSimulator.ActiveCfg = Release|x86
		{FCEB4B8B-3861-400E-AD19-8A376A319A9F}.Ad-Hoc|iPhoneSimulator.Build.0 = Release|x86
		{FCEB4B8B-3861-400E-AD19-8A376A319A9F}.Ad-Hoc|iPhoneSimulator.Deploy.0 = Release|x86
		{FCEB4B8B-3861-400E-AD19-8A376A319A9F}.Ad-Hoc|x64.ActiveCfg = Release|x64
		{FCEB4B8B-3861-400E-AD19-8A376A319A9F}.Ad-Hoc|x64.Build.0 = Release|x64
		{FCEB4B8B-3861-400E-AD19-8A376A319A9F}.Ad-Hoc|x64.Deploy.0 = Release|x64
		{FCEB4B8B-3861-400E-AD19-8A376A319A9F}.Ad-Hoc|x86.ActiveCfg = Release|x86
		{FCEB4B8B-3861-400E-AD19-8A376A319A9F}.Ad-Hoc|x86.Build.0 = Release|x86
		{FCEB4B8B-3861-400E-AD19-8A376A319A9F}.Ad-Hoc|x86.Deploy.0 = Release|x86
		{FCEB4B8B-3861-400E-AD19-8A376A319A9F}.AppStore|Any CPU.ActiveCfg = Release|x86
		{FCEB4B8B-3861-400E-AD19-8A376A319A9F}.AppStore|Any CPU.Build.0 = Release|x86
		{FCEB4B8B-3861-400E-AD19-8A376A319A9F}.AppStore|Any CPU.Deploy.0 = Release|x86
		{FCEB4B8B-3861-400E-AD19-8A376A319A9F}.AppStore|ARM.ActiveCfg = Release|ARM
		{FCEB4B8B-3861-400E-AD19-8A376A319A9F}.AppStore|ARM.Build.0 = Release|ARM
		{FCEB4B8B-3861-400E-AD19-8A376A319A9F}.AppStore|ARM.Deploy.0 = Release|ARM
		{FCEB4B8B-3861-400E-AD19-8A376A319A9F}.AppStore|iPhone.ActiveCfg = Release|x86
		{FCEB4B8B-3861-400E-AD19-8A376A319A9F}.AppStore|iPhone.Build.0 = Release|x86
		{FCEB4B8B-3861-400E-AD19-8A376A319A9F}.AppStore|iPhone.Deploy.0 = Release|x86
		{FCEB4B8B-3861-400E-AD19-8A376A319A9F}.AppStore|iPhoneSimulator.ActiveCfg = Release|x86
		{FCEB4B8B-3861-400E-AD19-8A376A319A9F}.AppStore|iPhoneSimulator.Build.0 = Release|x86
		{FCEB4B8B-3861-400E-AD19-8A376A319A9F}.AppStore|iPhoneSimulator.Deploy.0 = Release|x86
		{FCEB4B8B-3861-400E-AD19-8A376A319A9F}.AppStore|x64.ActiveCfg = Release|x64
		{FCEB4B8B-3861-400E-AD19-8A376A319A9F}.AppStore|x64.Build.0 = Release|x64
		{FCEB4B8B-3861-400E-AD19-8A376A319A9F}.AppStore|x64.Deploy.0 = Release|x64
		{FCEB4B8B-3861-400E-AD19-8A376A319A9F}.AppStore|x86.ActiveCfg = Release|x86
		{FCEB4B8B-3861-400E-AD19-8A376A319A9F}.AppStore|x86.Build.0 = Release|x86
		{FCEB4B8B-3861-400E-AD19-8A376A319A9F}.AppStore|x86.Deploy.0 = Release|x86
		{FCEB4B8B-3861-400E-AD19-8A376A319A9F}.Debug|Any CPU.ActiveCfg = Debug|x86
		{FCEB4B8B-3861-400E-AD19-8A376A319A9F}.Debug|Any CPU.Build.0 = Debug|x86
		{FCEB4B8B-3861-400E-AD19-8A376A319A9F}.Debug|Any CPU.Deploy.0 = Debug|x86
		{FCEB4B8B-3861-400E-AD19-8A376A319A9F}.Debug|ARM.ActiveCfg = Debug|ARM
		{FCEB4B8B-3861-400E-AD19-8A376A319A9F}.Debug|ARM.Build.0 = Debug|ARM
		{FCEB4B8B-3861-400E-AD19-8A376A319A9F}.Debug|ARM.Deploy.0 = Debug|ARM
		{FCEB4B8B-3861-400E-AD19-8A376A319A9F}.Debug|iPhone.ActiveCfg = Debug|x86
		{FCEB4B8B-3861-400E-AD19-8A376A319A9F}.Debug|iPhone.Build.0 = Debug|x86
		{FCEB4B8B-3861-400E-AD19-8A376A319A9F}.Debug|iPhone.Deploy.0 = Debug|x86
		{FCEB4B8B-3861-400E-AD19-8A376A319A9F}.Debug|iPhoneSimulator.ActiveCfg = Debug|x86
		{FCEB4B8B-3861-400E-AD19-8A376A319A9F}.Debug|iPhoneSimulator.Build.0 = Debug|x86
		{FCEB4B8B-3861-400E-AD19-8A376A319A9F}.Debug|iPhoneSimulator.Deploy.0 = Debug|x86
		{FCEB4B8B-3861-400E-AD19-8A376A319A9F}.Debug|x64.ActiveCfg = Debug|x64
		{FCEB4B8B-3861-400E-AD19-8A376A319A9F}.Debug|x64.Build.0 = Debug|x64
		{FCEB4B8B-3861-400E-AD19-8A376A319A9F}.Debug|x64.Deploy.0 = Debug|x64
		{FCEB4B8B-3861-400E-AD19-8A376A319A9F}.Debug|x86.ActiveCfg = Debug|x86
		{FCEB4B8B-3861-400E-AD19-8A376A319A9F}.Debug|x86.Build.0 = Debug|x86
		{FCEB4B8B-3861-400E-AD19-8A376A319A9F}.Debug|x86.Deploy.0 = Debug|x86
		{FCEB4B8B-3861-400E-AD19-8A376A319A9F}.Release|Any CPU.ActiveCfg = Release|x86
		{FCEB4B8B-3861-400E-AD19-8A376A319A9F}.Release|Any CPU.Build.0 = Release|x86
		{FCEB4B8B-3861-400E-AD19-8A376A319A9F}.Release|Any CPU.Deploy.0 = Release|x86
		{FCEB4B8B-3861-400E-AD19-8A376A319A9F}.Release|ARM.ActiveCfg = Release|ARM
		{FCEB4B8B-3861-400E-AD19-8A376A319A9F}.Release|ARM.Build.0 = Release|ARM
		{FCEB4B8B-3861-400E-AD19-8A376A319A9F}.Release|ARM.Deploy.0 = Release|ARM
		{FCEB4B8B-3861-400E-AD19-8A376A319A9F}.Release|iPhone.ActiveCfg = Release|x86
		{FCEB4B8B-3861-400E-AD19-8A376A319A9F}.Release|iPhone.Build.0 = Release|x86
		{FCEB4B8B-3861-400E-AD19-8A376A319A9F}.Release|iPhone.Deploy.0 = Release|x86
		{FCEB4B8B-3861-400E-AD19-8A376A319A9F}.Release|iPhoneSimulator.ActiveCfg = Release|x86
		{FCEB4B8B-3861-400E-AD19-8A376A319A9F}.Release|iPhoneSimulator.Build.0 = Release|x86
		{FCEB4B8B-3861-400E-AD19-8A376A319A9F}.Release|iPhoneSimulator.Deploy.0 = Release|x86
		{FCEB4B8B-3861-400E-AD19-8A376A319A9F}.Release|x64.ActiveCfg = Release|x64
		{FCEB4B8B-3861-400E-AD19-8A376A319A9F}.Release|x64.Build.0 = Release|x64
		{FCEB4B8B-3861-400E-AD19-8A376A319A9F}.Release|x64.Deploy.0 = Release|x64
		{FCEB4B8B-3861-400E-AD19-8A376A319A9F}.Release|x86.ActiveCfg = Release|x86
		{FCEB4B8B-3861-400E-AD19-8A376A319A9F}.Release|x86.Build.0 = Release|x86
		{FCEB4B8B-3861-400E-AD19-8A376A319A9F}.Release|x86.Deploy.0 = Release|x86
		{5978D048-69AB-48EE-A842-EBC5FB128C8C}.Ad-Hoc|Any CPU.ActiveCfg = Debug|Any CPU
		{5978D048-69AB-48EE-A842-EBC5FB128C8C}.Ad-Hoc|Any CPU.Build.0 = Debug|Any CPU
		{5978D048-69AB-48EE-A842-EBC5FB128C8C}.Ad-Hoc|Any CPU.Deploy.0 = Debug|Any CPU
		{5978D048-69AB-48EE-A842-EBC5FB128C8C}.Ad-Hoc|ARM.ActiveCfg = Debug|Any CPU
		{5978D048-69AB-48EE-A842-EBC5FB128C8C}.Ad-Hoc|ARM.Build.0 = Debug|Any CPU
		{5978D048-69AB-48EE-A842-EBC5FB128C8C}.Ad-Hoc|ARM.Deploy.0 = Debug|Any CPU
		{5978D048-69AB-48EE-A842-EBC5FB128C8C}.Ad-Hoc|iPhone.ActiveCfg = Debug|Any CPU
		{5978D048-69AB-48EE-A842-EBC5FB128C8C}.Ad-Hoc|iPhone.Build.0 = Debug|Any CPU
		{5978D048-69AB-48EE-A842-EBC5FB128C8C}.Ad-Hoc|iPhone.Deploy.0 = Debug|Any CPU
		{5978D048-69AB-48EE-A842-EBC5FB128C8C}.Ad-Hoc|iPhoneSimulator.ActiveCfg = Debug|Any CPU
		{5978D048-69AB-48EE-A842-EBC5FB128C8C}.Ad-Hoc|iPhoneSimulator.Build.0 = Debug|Any CPU
		{5978D048-69AB-48EE-A842-EBC5FB128C8C}.Ad-Hoc|iPhoneSimulator.Deploy.0 = Debug|Any CPU
		{5978D048-69AB-48EE-A842-EBC5FB128C8C}.Ad-Hoc|x64.ActiveCfg = Debug|Any CPU
		{5978D048-69AB-48EE-A842-EBC5FB128C8C}.Ad-Hoc|x64.Build.0 = Debug|Any CPU
		{5978D048-69AB-48EE-A842-EBC5FB128C8C}.Ad-Hoc|x64.Deploy.0 = Debug|Any CPU
		{5978D048-69AB-48EE-A842-EBC5FB128C8C}.Ad-Hoc|x86.ActiveCfg = Debug|Any CPU
		{5978D048-69AB-48EE-A842-EBC5FB128C8C}.Ad-Hoc|x86.Build.0 = Debug|Any CPU
		{5978D048-69AB-48EE-A842-EBC5FB128C8C}.Ad-Hoc|x86.Deploy.0 = Debug|Any CPU
		{5978D048-69AB-48EE-A842-EBC5FB128C8C}.AppStore|Any CPU.ActiveCfg = Debug|Any CPU
		{5978D048-69AB-48EE-A842-EBC5FB128C8C}.AppStore|Any CPU.Build.0 = Debug|Any CPU
		{5978D048-69AB-48EE-A842-EBC5FB128C8C}.AppStore|Any CPU.Deploy.0 = Debug|Any CPU
		{5978D048-69AB-48EE-A842-EBC5FB128C8C}.AppStore|ARM.ActiveCfg = Debug|Any CPU
		{5978D048-69AB-48EE-A842-EBC5FB128C8C}.AppStore|ARM.Build.0 = Debug|Any CPU
		{5978D048-69AB-48EE-A842-EBC5FB128C8C}.AppStore|ARM.Deploy.0 = Debug|Any CPU
		{5978D048-69AB-48EE-A842-EBC5FB128C8C}.AppStore|iPhone.ActiveCfg = Debug|Any CPU
		{5978D048-69AB-48EE-A842-EBC5FB128C8C}.AppStore|iPhone.Build.0 = Debug|Any CPU
		{5978D048-69AB-48EE-A842-EBC5FB128C8C}.AppStore|iPhone.Deploy.0 = Debug|Any CPU
		{5978D048-69AB-48EE-A842-EBC5FB128C8C}.AppStore|iPhoneSimulator.ActiveCfg = Debug|Any CPU
		{5978D048-69AB-48EE-A842-EBC5FB128C8C}.AppStore|iPhoneSimulator.Build.0 = Debug|Any CPU
		{5978D048-69AB-48EE-A842-EBC5FB128C8C}.AppStore|iPhoneSimulator.Deploy.0 = Debug|Any CPU
		{5978D048-69AB-48EE-A842-EBC5FB128C8C}.AppStore|x64.ActiveCfg = Debug|Any CPU
		{5978D048-69AB-48EE-A842-EBC5FB128C8C}.AppStore|x64.Build.0 = Debug|Any CPU
		{5978D048-69AB-48EE-A842-EBC5FB128C8C}.AppStore|x64.Deploy.0 = Debug|Any CPU
		{5978D048-69AB-48EE-A842-EBC5FB128C8C}.AppStore|x86.ActiveCfg = Debug|Any CPU
		{5978D048-69AB-48EE-A842-EBC5FB128C8C}.AppStore|x86.Build.0 = Debug|Any CPU
		{5978D048-69AB-48EE-A842-EBC5FB128C8C}.AppStore|x86.Deploy.0 = Debug|Any CPU
		{5978D048-69AB-48EE-A842-EBC5FB128C8C}.Debug|Any CPU.ActiveCfg = Debug|Any CPU
		{5978D048-69AB-48EE-A842-EBC5FB128C8C}.Debug|Any CPU.Build.0 = Debug|Any CPU
		{5978D048-69AB-48EE-A842-EBC5FB128C8C}.Debug|Any CPU.Deploy.0 = Debug|Any CPU
		{5978D048-69AB-48EE-A842-EBC5FB128C8C}.Debug|ARM.ActiveCfg = Debug|Any CPU
		{5978D048-69AB-48EE-A842-EBC5FB128C8C}.Debug|ARM.Build.0 = Debug|Any CPU
		{5978D048-69AB-48EE-A842-EBC5FB128C8C}.Debug|ARM.Deploy.0 = Debug|Any CPU
		{5978D048-69AB-48EE-A842-EBC5FB128C8C}.Debug|iPhone.ActiveCfg = Debug|Any CPU
		{5978D048-69AB-48EE-A842-EBC5FB128C8C}.Debug|iPhone.Build.0 = Debug|Any CPU
		{5978D048-69AB-48EE-A842-EBC5FB128C8C}.Debug|iPhone.Deploy.0 = Debug|Any CPU
		{5978D048-69AB-48EE-A842-EBC5FB128C8C}.Debug|iPhoneSimulator.ActiveCfg = Debug|Any CPU
		{5978D048-69AB-48EE-A842-EBC5FB128C8C}.Debug|iPhoneSimulator.Build.0 = Debug|Any CPU
		{5978D048-69AB-48EE-A842-EBC5FB128C8C}.Debug|iPhoneSimulator.Deploy.0 = Debug|Any CPU
		{5978D048-69AB-48EE-A842-EBC5FB128C8C}.Debug|x64.ActiveCfg = Debug|Any CPU
		{5978D048-69AB-48EE-A842-EBC5FB128C8C}.Debug|x64.Build.0 = Debug|Any CPU
		{5978D048-69AB-48EE-A842-EBC5FB128C8C}.Debug|x64.Deploy.0 = Debug|Any CPU
		{5978D048-69AB-48EE-A842-EBC5FB128C8C}.Debug|x86.ActiveCfg = Debug|Any CPU
		{5978D048-69AB-48EE-A842-EBC5FB128C8C}.Debug|x86.Build.0 = Debug|Any CPU
		{5978D048-69AB-48EE-A842-EBC5FB128C8C}.Debug|x86.Deploy.0 = Debug|Any CPU
		{5978D048-69AB-48EE-A842-EBC5FB128C8C}.Release|Any CPU.ActiveCfg = Release|Any CPU
		{5978D048-69AB-48EE-A842-EBC5FB128C8C}.Release|Any CPU.Build.0 = Release|Any CPU
		{5978D048-69AB-48EE-A842-EBC5FB128C8C}.Release|Any CPU.Deploy.0 = Release|Any CPU
		{5978D048-69AB-48EE-A842-EBC5FB128C8C}.Release|ARM.ActiveCfg = Release|Any CPU
		{5978D048-69AB-48EE-A842-EBC5FB128C8C}.Release|ARM.Build.0 = Release|Any CPU
		{5978D048-69AB-48EE-A842-EBC5FB128C8C}.Release|ARM.Deploy.0 = Release|Any CPU
		{5978D048-69AB-48EE-A842-EBC5FB128C8C}.Release|iPhone.ActiveCfg = Release|Any CPU
		{5978D048-69AB-48EE-A842-EBC5FB128C8C}.Release|iPhone.Build.0 = Release|Any CPU
		{5978D048-69AB-48EE-A842-EBC5FB128C8C}.Release|iPhone.Deploy.0 = Release|Any CPU
		{5978D048-69AB-48EE-A842-EBC5FB128C8C}.Release|iPhoneSimulator.ActiveCfg = Release|Any CPU
		{5978D048-69AB-48EE-A842-EBC5FB128C8C}.Release|iPhoneSimulator.Build.0 = Release|Any CPU
		{5978D048-69AB-48EE-A842-EBC5FB128C8C}.Release|iPhoneSimulator.Deploy.0 = Release|Any CPU
		{5978D048-69AB-48EE-A842-EBC5FB128C8C}.Release|x64.ActiveCfg = Release|Any CPU
		{5978D048-69AB-48EE-A842-EBC5FB128C8C}.Release|x64.Build.0 = Release|Any CPU
		{5978D048-69AB-48EE-A842-EBC5FB128C8C}.Release|x64.Deploy.0 = Release|Any CPU
		{5978D048-69AB-48EE-A842-EBC5FB128C8C}.Release|x86.ActiveCfg = Release|Any CPU
		{5978D048-69AB-48EE-A842-EBC5FB128C8C}.Release|x86.Build.0 = Release|Any CPU
		{5978D048-69AB-48EE-A842-EBC5FB128C8C}.Release|x86.Deploy.0 = Release|Any CPU
	EndGlobalSection
	GlobalSection(SolutionProperties) = preSolution
		HideSolutionNode = FALSE
	EndGlobalSection
	GlobalSection(ExtensibilityGlobals) = postSolution
		SolutionGuid = {DDC1360F-7B4B-458B-9247-6C9636D69474}
	EndGlobalSection
EndGlobal
